
Microsoft Visual Studio Solution File, Format Version 12.00
# Visual Studio Version 16
VisualStudioVersion = 16.0.29509.3
MinimumVisualStudioVersion = 10.0.40219.1
Project("{FAE04EC0-301F-11D3-BF4B-00C04F79EFBC}") = "PrimeCollaborationManager", "PrimeCollaborationManager.csproj", "{4D809D84-5559-421C-AEC0-1D3C1EF3A92C}"
EndProject
Project("{FAE04EC0-301F-11D3-BF4B-00C04F79EFBC}") = "Studio.Api.Client", "..\Studio.Api.Client\Studio.Api.Client.csproj", "{1D348DF2-EB5F-428B-A4CB-A2C11B6D525C}"
EndProject
Project("{FAE04EC0-301F-11D3-BF4B-00C04F79EFBC}") = "Studio.Api.Model", "..\Studio.Api.Model\Studio.Api.Model.csproj", "{C5632182-A211-4646-8652-63B1BA1BA8A8}"
EndProject
Global
	GlobalSection(SolutionConfigurationPlatforms) = preSolution
		Debug|Any CPU = Debug|Any CPU
		Release|Any CPU = Release|Any CPU
	EndGlobalSection
	GlobalSection(ProjectConfigurationPlatforms) = postSolution
		{4D809D84-5559-421C-AEC0-1D3C1EF3A92C}.Debug|Any CPU.ActiveCfg = Debug|Any CPU
		{4D809D84-5559-421C-AEC0-1D3C1EF3A92C}.Debug|Any CPU.Build.0 = Debug|Any CPU
		{4D809D84-5559-421C-AEC0-1D3C1EF3A92C}.Release|Any CPU.ActiveCfg = Release|Any CPU
		{4D809D84-5559-421C-AEC0-1D3C1EF3A92C}.Release|Any CPU.Build.0 = Release|Any CPU
		{1D348DF2-EB5F-428B-A4CB-A2C11B6D525C}.Debug|Any CPU.ActiveCfg = Debug|Any CPU
		{1D348DF2-EB5F-428B-A4CB-A2C11B6D525C}.Debug|Any CPU.Build.0 = Debug|Any CPU
		{1D348DF2-EB5F-428B-A4CB-A2C11B6D525C}.Release|Any CPU.ActiveCfg = Release|Any CPU
		{1D348DF2-EB5F-428B-A4CB-A2C11B6D525C}.Release|Any CPU.Build.0 = Release|Any CPU
		{C5632182-A211-4646-8652-63B1BA1BA8A8}.Debug|Any CPU.ActiveCfg = Debug|Any CPU
		{C5632182-A211-4646-8652-63B1BA1BA8A8}.Debug|Any CPU.Build.0 = Debug|Any CPU
		{C5632182-A211-4646-8652-63B1BA1BA8A8}.Release|Any CPU.ActiveCfg = Release|Any CPU
		{C5632182-A211-4646-8652-63B1BA1BA8A8}.Release|Any CPU.Build.0 = Release|Any CPU
	EndGlobalSection
	GlobalSection(SolutionProperties) = preSolution
		HideSolutionNode = FALSE
	EndGlobalSection
	GlobalSection(ExtensibilityGlobals) = postSolution
		SolutionGuid = {0A1F3BE3-B42F-4E80-A1CA-6721CEF222F3}
	EndGlobalSection
EndGlobal
